github.com/brianvoe/gofakeit/v6 v6.9.0 h1:UCGhPCKLiqBc910TKS7LcOGf74NozftibFCbGIS6GZQ=
github.com/brianvoe/gofakeit/v6 v6.9.0/go.mod h1:palrJUk4Fyw38zIFB/uBZqsgzW5VsNllhHKKwAebzew=
github.com/brianvoe/gofakeit/v6 v6.28.0 h1:Xib46XXuQfmlLS2EXRuJpqcw8St6qSZz75OUo0tgAW4=
github.com/brianvoe/gofakeit/v6 v6.28.0/go.mod h1:Xj58BMSnFqcn/fAQeSK+/PLtC5kSb7FJIq4JyGa8vEs=
